
Microsoft Visual Studio Solution File, Format Version 12.00
# Visual Studio Version 16
VisualStudioVersion = 16.0.30804.86
MinimumVisualStudioVersion = 10.0.40219.1
Project("{888888A0-9F3D-457C-B088-3A5042F75D52}") = "IDPro", "IDPro\IDPro.pyproj", "{3499FB8D-C479-4C7F-A791-1DD7EED077AA}"
EndProject
Global
	GlobalSection(SolutionConfigurationPlatforms) = preSolution
		Debug|Any CPU = Debug|Any CPU
		Release|Any CPU = Release|Any CPU
	EndGlobalSection
	GlobalSection(ProjectConfigurationPlatforms) = postSolution
		{3499FB8D-C479-4C7F-A791-1DD7EED077AA}.Debug|Any CPU.ActiveCfg = Debug|Any CPU
		{3499FB8D-C479-4C7F-A791-1DD7EED077AA}.Debug|Any CPU.Build.0 = Debug|Any CPU
		{3499FB8D-C479-4C7F-A791-1DD7EED077AA}.Release|Any CPU.ActiveCfg = Release|Any CPU
		{3499FB8D-C479-4C7F-A791-1DD7EED077AA}.Release|Any CPU.Build.0 = Release|Any CPU
	EndGlobalSection
	GlobalSection(SolutionProperties) = preSolution
		HideSolutionNode = FALSE
	EndGlobalSection
	GlobalSection(ExtensibilityGlobals) = postSolution
		SolutionGuid = {ED6CD3DA-7092-43C8-9876-AC7A23889705}
	EndGlobalSection
EndGlobal
